// !$*UTF8*$!
{
	archiveVersion = 1;
	classes = {
	};
	objectVersion = 48;
	objects = {

/* Begin PBXBuildFile section */
		8B69DBE120BA3231002DA215 /* ArticleViewController.swift in Sources */ = {isa = PBXBuildFile; fileRef = 8B69DBE020BA3231002DA215 /* ArticleViewController.swift */; };
		8B9279A120AF104B00BE5AF3 /* NewsTableViewCell.swift in Sources */ = {isa = PBXBuildFile; fileRef = 8B9279A020AF104B00BE5AF3 /* NewsTableViewCell.swift */; };
		8B97C82320ADB84A006F1C76 /* Source.swift in Sources */ = {isa = PBXBuildFile; fileRef = 8B97C82220ADB84A006F1C76 /* Source.swift */; };
		8BA0E1E920AD83F6006E339F /* NewsListController.swift in Sources */ = {isa = PBXBuildFile; fileRef = 8BA0E1E820AD83F6006E339F /* NewsListController.swift */; };
		8BA0E1EC20AD8685006E339F /* HeadLines.swift in Sources */ = {isa = PBXBuildFile; fileRef = 8BA0E1EB20AD8685006E339F /* HeadLines.swift */; };
		8BC2708820BF4A9700BBDE38 /* SourcesListController.swift in Sources */ = {isa = PBXBuildFile; fileRef = 8BC2708720BF4A9700BBDE38 /* SourcesListController.swift */; };
		8BC2708A20BF4B3200BBDE38 /* SourceCell.swift in Sources */ = {isa = PBXBuildFile; fileRef = 8BC2708920BF4B3200BBDE38 /* SourceCell.swift */; };
		8BE59E2D20C37A7100315246 /* CoreDataHelper.swift in Sources */ = {isa = PBXBuildFile; fileRef = 8BE59E2C20C37A7100315246 /* CoreDataHelper.swift */; };
		8BE752E620AD764900187468 /* AppDelegate.swift in Sources */ = {isa = PBXBuildFile; fileRef = 8BE752E520AD764900187468 /* AppDelegate.swift */; };
		8BE752EB20AD764900187468 /* Main.storyboard in Resources */ = {isa = PBXBuildFile; fileRef = 8BE752E920AD764900187468 /* Main.storyboard */; };
		8BE752EE20AD764900187468 /* WorldNews.xcdatamodeld in Sources */ = {isa = PBXBuildFile; fileRef = 8BE752EC20AD764900187468 /* WorldNews.xcdatamodeld */; };
		8BE752F020AD764900187468 /* Assets.xcassets in Resources */ = {isa = PBXBuildFile; fileRef = 8BE752EF20AD764900187468 /* Assets.xcassets */; };
		8BE752F320AD764900187468 /* LaunchScreen.storyboard in Resources */ = {isa = PBXBuildFile; fileRef = 8BE752F120AD764900187468 /* LaunchScreen.storyboard */; };
		F7186E1D8A077390DB150473 /* Pods_WorldNews.framework in Frameworks */ = {isa = PBXBuildFile; fileRef = B175DD88A1BC9BDD739666C8 /* Pods_WorldNews.framework */; };
/* End PBXBuildFile section */

/* Begin PBXFileReference section */
		73704D1109AE5EB85B67D49E /* Pods-WorldNews.debug.xcconfig */ = {isa = PBXFileReference; includeInIndex = 1; lastKnownFileType = text.xcconfig; name = "Pods-WorldNews.debug.xcconfig"; path = "Pods/Target Support Files/Pods-WorldNews/Pods-WorldNews.debug.xcconfig"; sourceTree = "<group>"; };
		8B69DBE020BA3231002DA215 /* ArticleViewController.swift */ = {isa = PBXFileReference; lastKnownFileType = sourcecode.swift; path = ArticleViewController.swift; sourceTree = "<group>"; };
		8B9279A020AF104B00BE5AF3 /* NewsTableViewCell.swift */ = {isa = PBXFileReference; lastKnownFileType = sourcecode.swift; path = NewsTableViewCell.swift; sourceTree = "<group>"; };
		8B97C82220ADB84A006F1C76 /* Source.swift */ = {isa = PBXFileReference; lastKnownFileType = sourcecode.swift; path = Source.swift; sourceTree = "<group>"; };
		8BA0E1E820AD83F6006E339F /* NewsListController.swift */ = {isa = PBXFileReference; lastKnownFileType = sourcecode.swift; path = NewsListController.swift; sourceTree = "<group>"; };
		8BA0E1EB20AD8685006E339F /* HeadLines.swift */ = {isa = PBXFileReference; lastKnownFileType = sourcecode.swift; path = HeadLines.swift; sourceTree = "<group>"; };
		8BC2708720BF4A9700BBDE38 /* SourcesListController.swift */ = {isa = PBXFileReference; lastKnownFileType = sourcecode.swift; path = SourcesListController.swift; sourceTree = "<group>"; };
		8BC2708920BF4B3200BBDE38 /* SourceCell.swift */ = {isa = PBXFileReference; lastKnownFileType = sourcecode.swift; path = SourceCell.swift; sourceTree = "<group>"; };
		8BE59E2C20C37A7100315246 /* CoreDataHelper.swift */ = {isa = PBXFileReference; lastKnownFileType = sourcecode.swift; path = CoreDataHelper.swift; sourceTree = "<group>"; };
		8BE752E220AD764900187468 /* WorldNews.app */ = {isa = PBXFileReference; explicitFileType = wrapper.application; includeInIndex = 0; path = WorldNews.app; sourceTree = BUILT_PRODUCTS_DIR; };
		8BE752E520AD764900187468 /* AppDelegate.swift */ = {isa = PBXFileReference; lastKnownFileType = sourcecode.swift; path = AppDelegate.swift; sourceTree = "<group>"; };
		8BE752EA20AD764900187468 /* Base */ = {isa = PBXFileReference; lastKnownFileType = file.storyboard; name = Base; path = Base.lproj/Main.storyboard; sourceTree = "<group>"; };
		8BE752ED20AD764900187468 /* WorldNews.xcdatamodel */ = {isa = PBXFileReference; lastKnownFileType = wrapper.xcdatamodel; path = WorldNews.xcdatamodel; sourceTree = "<group>"; };
		8BE752EF20AD764900187468 /* Assets.xcassets */ = {isa = PBXFileReference; lastKnownFileType = folder.assetcatalog; path = Assets.xcassets; sourceTree = "<group>"; };
		8BE752F220AD764900187468 /* Base */ = {isa = PBXFileReference; lastKnownFileType = file.storyboard; name = Base; path = Base.lproj/LaunchScreen.storyboard; sourceTree = "<group>"; };
		8BE752F420AD764900187468 /* Info.plist */ = {isa = PBXFileReference; lastKnownFileType = text.plist.xml; path = Info.plist; sourceTree = "<group>"; };
		B175DD88A1BC9BDD739666C8 /* Pods_WorldNews.framework */ = {isa = PBXFileReference; explicitFileType = wrapper.framework; includeInIndex = 0; path = Pods_WorldNews.framework; sourceTree = BUILT_PRODUCTS_DIR; };
		FF1AB781A489EFCAEE3E56E0 /* Pods-WorldNews.release.xcconfig */ = {isa = PBXFileReference; includeInIndex = 1; lastKnownFileType = text.xcconfig; name = "Pods-WorldNews.release.xcconfig"; path = "Pods/Target Support Files/Pods-WorldNews/Pods-WorldNews.release.xcconfig"; sourceTree = "<group>"; };
/* End PBXFileReference section */

/* Begin PBXFrameworksBuildPhase section */
		8BE752DF20AD764900187468 /* Frameworks */ = {
			isa = PBXFrameworksBuildPhase;
			buildActionMask = 2147483647;
			files = (
				F7186E1D8A077390DB150473 /* Pods_WorldNews.framework in Frameworks */,
			);
			runOnlyForDeploymentPostprocessing = 0;
		};
/* End PBXFrameworksBuildPhase section */

/* Begin PBXGroup section */
		4FC293ACDA6DE37E4B4EA808 /* Frameworks */ = {
			isa = PBXGroup;
			children = (
				B175DD88A1BC9BDD739666C8 /* Pods_WorldNews.framework */,
			);
			name = Frameworks;
			sourceTree = "<group>";
		};
		653A7CE8FAEA4097DBDB388D /* Pods */ = {
			isa = PBXGroup;
			children = (
				73704D1109AE5EB85B67D49E /* Pods-WorldNews.debug.xcconfig */,
				FF1AB781A489EFCAEE3E56E0 /* Pods-WorldNews.release.xcconfig */,
			);
			name = Pods;
			sourceTree = "<group>";
		};
		8BA0E1EA20AD8669006E339F /* Data */ = {
			isa = PBXGroup;
			children = (
				8BA0E1EB20AD8685006E339F /* HeadLines.swift */,
				8B97C82220ADB84A006F1C76 /* Source.swift */,
			);
			path = Data;
			sourceTree = "<group>";
		};
		8BE59E2B20C37A4700315246 /* CoreData */ = {
			isa = PBXGroup;
			children = (
				8BE59E2C20C37A7100315246 /* CoreDataHelper.swift */,
			);
			path = CoreData;
			sourceTree = "<group>";
		};
		8BE752D920AD764800187468 = {
			isa = PBXGroup;
			children = (
				8BE752E420AD764900187468 /* WorldNews */,
				8BE752E320AD764900187468 /* Products */,
				653A7CE8FAEA4097DBDB388D /* Pods */,
				4FC293ACDA6DE37E4B4EA808 /* Frameworks */,
			);
			sourceTree = "<group>";
		};
		8BE752E320AD764900187468 /* Products */ = {
			isa = PBXGroup;
			children = (
				8BE752E220AD764900187468 /* WorldNews.app */,
			);
			name = Products;
			sourceTree = "<group>";
		};
		8BE752E420AD764900187468 /* WorldNews */ = {
			isa = PBXGroup;
			children = (
				8BE59E2B20C37A4700315246 /* CoreData */,
				8BA0E1EA20AD8669006E339F /* Data */,
				8BE752E520AD764900187468 /* AppDelegate.swift */,
				8BE752E920AD764900187468 /* Main.storyboard */,
				8BE752EF20AD764900187468 /* Assets.xcassets */,
				8BE752F120AD764900187468 /* LaunchScreen.storyboard */,
				8BE752F420AD764900187468 /* Info.plist */,
				8BE752EC20AD764900187468 /* WorldNews.xcdatamodeld */,
				8BA0E1E820AD83F6006E339F /* NewsListController.swift */,
				8B9279A020AF104B00BE5AF3 /* NewsTableViewCell.swift */,
				8B69DBE020BA3231002DA215 /* ArticleViewController.swift */,
				8BC2708720BF4A9700BBDE38 /* SourcesListController.swift */,
				8BC2708920BF4B3200BBDE38 /* SourceCell.swift */,
			);
			path = WorldNews;
			sourceTree = "<group>";
		};
/* End PBXGroup section */

/* Begin PBXNativeTarget section */
		8BE752E120AD764900187468 /* WorldNews */ = {
			isa = PBXNativeTarget;
			buildConfigurationList = 8BE752F720AD764900187468 /* Build configuration list for PBXNativeTarget "WorldNews" */;
			buildPhases = (
				23DC4E94DEC938FF9058FF32 /* [CP] Check Pods Manifest.lock */,
				8BE752DE20AD764900187468 /* Sources */,
				8BE752DF20AD764900187468 /* Frameworks */,
				8BE752E020AD764900187468 /* Resources */,
				46C03853CED020F44FF5D90F /* [CP] Embed Pods Frameworks */,
			);
			buildRules = (
			);
			dependencies = (
			);
			name = WorldNews;
			productName = WorldNews;
			productReference = 8BE752E220AD764900187468 /* WorldNews.app */;
			productType = "com.apple.product-type.application";
		};
/* End PBXNativeTarget section */

/* Begin PBXProject section */
		8BE752DA20AD764800187468 /* Project object */ = {
			isa = PBXProject;
			attributes = {
				LastSwiftUpdateCheck = 0910;
				LastUpgradeCheck = 0910;
				ORGANIZATIONNAME = ynov;
				TargetAttributes = {
					8BE752E120AD764900187468 = {
						CreatedOnToolsVersion = 9.1;
						ProvisioningStyle = Automatic;
					};
				};
			};
			buildConfigurationList = 8BE752DD20AD764800187468 /* Build configuration list for PBXProject "WorldNews" */;
			compatibilityVersion = "Xcode 8.0";
			developmentRegion = en;
			hasScannedForEncodings = 0;
			knownRegions = (
				en,
				Base,
			);
			mainGroup = 8BE752D920AD764800187468;
			productRefGroup = 8BE752E320AD764900187468 /* Products */;
			projectDirPath = "";
			projectRoot = "";
			targets = (
				8BE752E120AD764900187468 /* WorldNews */,
			);
		};
/* End PBXProject section */

/* Begin PBXResourcesBuildPhase section */
		8BE752E020AD764900187468 /* Resources */ = {
			isa = PBXResourcesBuildPhase;
			buildActionMask = 2147483647;
			files = (
				8BE752F320AD764900187468 /* LaunchScreen.storyboard in Resources */,
				8BE752F020AD764900187468 /* Assets.xcassets in Resources */,
				8BE752EB20AD764900187468 /* Main.storyboard in Resources */,
			);
			runOnlyForDeploymentPostprocessing = 0;
		};
/* End PBXResourcesBuildPhase section */

/* Begin PBXShellScriptBuildPhase section */
		23DC4E94DEC938FF9058FF32 /* [CP] Check Pods Manifest.lock */ = {
			isa = PBXShellScriptBuildPhase;
			buildActionMask = 2147483647;
			files = (
			);
			inputPaths = (
				"${PODS_PODFILE_DIR_PATH}/Podfile.lock",
				"${PODS_ROOT}/Manifest.lock",
			);
			name = "[CP] Check Pods Manifest.lock";
			outputPaths = (
				"$(DERIVED_FILE_DIR)/Pods-WorldNews-checkManifestLockResult.txt",
			);
			runOnlyForDeploymentPostprocessing = 0;
			shellPath = /bin/sh;
			shellScript = "diff \"${PODS_PODFILE_DIR_PATH}/Podfile.lock\" \"${PODS_ROOT}/Manifest.lock\" > /dev/null\nif [ $? != 0 ] ; then\n    # print error to STDERR\n    echo \"error: The sandbox is not in sync with the Podfile.lock. Run 'pod install' or update your CocoaPods installation.\" >&2\n    exit 1\nfi\n# This output is used by Xcode 'outputs' to avoid re-running this script phase.\necho \"SUCCESS\" > \"${SCRIPT_OUTPUT_FILE_0}\"\n";
			showEnvVarsInLog = 0;
		};
		46C03853CED020F44FF5D90F /* [CP] Embed Pods Frameworks */ = {
			isa = PBXShellScriptBuildPhase;
			buildActionMask = 2147483647;
			files = (
			);
			inputPaths = (
				"${SRCROOT}/Pods/Target Support Files/Pods-WorldNews/Pods-WorldNews-frameworks.sh",
				"${BUILT_PRODUCTS_DIR}/Alamofire/Alamofire.framework",
				"${BUILT_PRODUCTS_DIR}/Freddy/Freddy.framework",
				"${BUILT_PRODUCTS_DIR}/Kingfisher/Kingfisher.framework",
			);
			name = "[CP] Embed Pods Frameworks";
			outputPaths = (
				"${TARGET_BUILD_DIR}/${FRAMEWORKS_FOLDER_PATH}/Alamofire.framework",
				"${TARGET_BUILD_DIR}/${FRAMEWORKS_FOLDER_PATH}/Freddy.framework",
				"${TARGET_BUILD_DIR}/${FRAMEWORKS_FOLDER_PATH}/Kingfisher.framework",
			);
			runOnlyForDeploymentPostprocessing = 0;
			shellPath = /bin/sh;
			shellScript = "\"${SRCROOT}/Pods/Target Support Files/Pods-WorldNews/Pods-WorldNews-frameworks.sh\"\n";
			showEnvVarsInLog = 0;
		};
/* End PBXShellScriptBuildPhase section */

/* Begin PBXSourcesBuildPhase section */
		8BE752DE20AD764900187468 /* Sources */ = {
			isa = PBXSourcesBuildPhase;
			buildActionMask = 2147483647;
			files = (
				8BC2708A20BF4B3200BBDE38 /* SourceCell.swift in Sources */,
				8BE59E2D20C37A7100315246 /* CoreDataHelper.swift in Sources */,
				8BA0E1E920AD83F6006E339F /* NewsListController.swift in Sources */,
				8BC2708820BF4A9700BBDE38 /* SourcesListController.swift in Sources */,
				8B97C82320ADB84A006F1C76 /* Source.swift in Sources */,
				8B69DBE120BA3231002DA215 /* ArticleViewController.swift in Sources */,
				8B9279A120AF104B00BE5AF3 /* NewsTableViewCell.swift in Sources */,
				8BE752EE20AD764900187468 /* WorldNews.xcdatamodeld in Sources */,
				8BE752E620AD764900187468 /* AppDelegate.swift in Sources */,
				8BA0E1EC20AD8685006E339F /* HeadLines.swift in Sources */,
			);
			runOnlyForDeploymentPostprocessing = 0;
		};
/* End PBXSourcesBuildPhase section */

/* Begin PBXVariantGroup section */
		8BE752E920AD764900187468 /* Main.storyboard */ = {
			isa = PBXVariantGroup;
			children = (
				8BE752EA20AD764900187468 /* Base */,
			);
			name = Main.storyboard;
			sourceTree = "<group>";
		};
		8BE752F120AD764900187468 /* LaunchScreen.storyboard */ = {
			isa = PBXVariantGroup;
			children = (
				8BE752F220AD764900187468 /* Base */,
			);
			name = LaunchScreen.storyboard;
			sourceTree = "<group>";
		};
/* End PBXVariantGroup section */

/* Begin XCBuildConfiguration section */
		8BE752F520AD764900187468 /* Debug */ = {
			isa = XCBuildConfiguration;
			buildSettings = {
				ALWAYS_SEARCH_USER_PATHS = NO;
				CLANG_ANALYZER_NONNULL = YES;
				CLANG_ANALYZER_NUMBER_OBJECT_CONVERSION = YES_AGGRESSIVE;
				CLANG_CXX_LANGUAGE_STANDARD = "gnu++14";
				CLANG_CXX_LIBRARY = "libc++";
				CLANG_ENABLE_MODULES = YES;
				CLANG_ENABLE_OBJC_ARC = YES;
				CLANG_WARN_BLOCK_CAPTURE_AUTORELEASING = YES;
				CLANG_WARN_BOOL_CONVERSION = YES;
				CLANG_WARN_COMMA = YES;
				CLANG_WARN_CONSTANT_CONVERSION = YES;
				CLANG_WARN_DIRECT_OBJC_ISA_USAGE = YES_ERROR;
				CLANG_WARN_DOCUMENTATION_COMMENTS = YES;
				CLANG_WARN_EMPTY_BODY = YES;
				CLANG_WARN_ENUM_CONVERSION = YES;
				CLANG_WARN_INFINITE_RECURSION = YES;
				CLANG_WARN_INT_CONVERSION = YES;
				CLANG_WARN_NON_LITERAL_NULL_CONVERSION = YES;
				CLANG_WARN_OBJC_LITERAL_CONVERSION = YES;
				CLANG_WARN_OBJC_ROOT_CLASS = YES_ERROR;
				CLANG_WARN_RANGE_LOOP_ANALYSIS = YES;
				CLANG_WARN_STRICT_PROTOTYPES = YES;
				CLANG_WARN_SUSPICIOUS_MOVE = YES;
				CLANG_WARN_UNGUARDED_AVAILABILITY = YES_AGGRESSIVE;
				CLANG_WARN_UNREACHABLE_CODE = YES;
				CLANG_WARN__DUPLICATE_METHOD_MATCH = YES;
				CODE_SIGN_IDENTITY = "iPhone Developer";
				COPY_PHASE_STRIP = NO;
				DEBUG_INFORMATION_FORMAT = dwarf;
				ENABLE_STRICT_OBJC_MSGSEND = YES;
				ENABLE_TESTABILITY = YES;
				GCC_C_LANGUAGE_STANDARD = gnu11;
				GCC_DYNAMIC_NO_PIC = NO;
				GCC_NO_COMMON_BLOCKS = YES;
				GCC_OPTIMIZATION_LEVEL = 0;
				GCC_PREPROCESSOR_DEFINITIONS = (
					"DEBUG=1",
					"$(inherited)",
				);
				GCC_WARN_64_TO_32_BIT_CONVERSION = YES;
				GCC_WARN_ABOUT_RETURN_TYPE = YES_ERROR;
				GCC_WARN_UNDECLARED_SELECTOR = YES;
				GCC_WARN_UNINITIALIZED_AUTOS = YES_AGGRESSIVE;
				GCC_WARN_UNUSED_FUNCTION = YES;
				GCC_WARN_UNUSED_VARIABLE = YES;
				IPHONEOS_DEPLOYMENT_TARGET = 11.1;
				MTL_ENABLE_DEBUG_INFO = YES;
				ONLY_ACTIVE_ARCH = YES;
				SDKROOT = iphoneos;
				SWIFT_ACTIVE_COMPILATION_CONDITIONS = DEBUG;
				SWIFT_OPTIMIZATION_LEVEL = "-Onone";
			};
			name = Debug;
		};
		8BE752F620AD764900187468 /* Release */ = {
			isa = XCBuildConfiguration;
			buildSettings = {
				ALWAYS_SEARCH_USER_PATHS = NO;
				CLANG_ANALYZER_NONNULL = YES;
				CLANG_ANALYZER_NUMBER_OBJECT_CONVERSION = YES_AGGRESSIVE;
				CLANG_CXX_LANGUAGE_STANDARD = "gnu++14";
				CLANG_CXX_LIBRARY = "libc++";
				CLANG_ENABLE_MODULES = YES;
				CLANG_ENABLE_OBJC_ARC = YES;
				CLANG_WARN_BLOCK_CAPTURE_AUTORELEASING = YES;
				CLANG_WARN_BOOL_CONVERSION = YES;
				CLANG_WARN_COMMA = YES;
				CLANG_WARN_CONSTANT_CONVERSION = YES;
				CLANG_WARN_DIRECT_OBJC_ISA_USAGE = YES_ERROR;
				CLANG_WARN_DOCUMENTATION_COMMENTS = YES;
				CLANG_WARN_EMPTY_BODY = YES;
				CLANG_WARN_ENUM_CONVERSION = YES;
				CLANG_WARN_INFINITE_RECURSION = YES;
				CLANG_WARN_INT_CONVERSION = YES;
				CLANG_WARN_NON_LITERAL_NULL_CONVERSION = YES;
				CLANG_WARN_OBJC_LITERAL_CONVERSION = YES;
				CLANG_WARN_OBJC_ROOT_CLASS = YES_ERROR;
				CLANG_WARN_RANGE_LOOP_ANALYSIS = YES;
				CLANG_WARN_STRICT_PROTOTYPES = YES;
				CLANG_WARN_SUSPICIOUS_MOVE = YES;
				CLANG_WARN_UNGUARDED_AVAILABILITY = YES_AGGRESSIVE;
				CLANG_WARN_UNREACHABLE_CODE = YES;
				CLANG_WARN__DUPLICATE_METHOD_MATCH = YES;
				CODE_SIGN_IDENTITY = "iPhone Developer";
				COPY_PHASE_STRIP = NO;
				DEBUG_INFORMATION_FORMAT = "dwarf-with-dsym";
				ENABLE_NS_ASSERTIONS = NO;
				ENABLE_STRICT_OBJC_MSGSEND = YES;
				GCC_C_LANGUAGE_STANDARD = gnu11;
				GCC_NO_COMMON_BLOCKS = YES;
				GCC_WARN_64_TO_32_BIT_CONVERSION = YES;
				GCC_WARN_ABOUT_RETURN_TYPE = YES_ERROR;
				GCC_WARN_UNDECLARED_SELECTOR = YES;
				GCC_WARN_UNINITIALIZED_AUTOS = YES_AGGRESSIVE;
				GCC_WARN_UNUSED_FUNCTION = YES;
				GCC_WARN_UNUSED_VARIABLE = YES;
				IPHONEOS_DEPLOYMENT_TARGET = 11.1;
				MTL_ENABLE_DEBUG_INFO = NO;
				SDKROOT = iphoneos;
				SWIFT_OPTIMIZATION_LEVEL = "-Owholemodule";
				VALIDATE_PRODUCT = YES;
			};
			name = Release;
		};
		8BE752F820AD764900187468 /* Debug */ = {
			isa = XCBuildConfiguration;
			baseConfigurationReference = 73704D1109AE5EB85B67D49E /* Pods-WorldNews.debug.xcconfig */;
			buildSettings = {
				ASSETCATALOG_COMPILER_APPICON_NAME = AppIcon;
				CODE_SIGN_STYLE = Automatic;
				HEADER_SEARCH_PATHS = "$(SRCROOT)/Pods/**";
				INFOPLIST_FILE = WorldNews/Info.plist;
				LD_RUNPATH_SEARCH_PATHS = "$(inherited) @executable_path/Frameworks";
				PRODUCT_BUNDLE_IDENTIFIER = com.ynov.boudat.WorldNews;
				PRODUCT_NAME = "$(TARGET_NAME)";
				SWIFT_VERSION = 4.0;
				TARGETED_DEVICE_FAMILY = "1,2";
			};
			name = Debug;
		};
		8BE752F920AD764900187468 /* Release */ = {
			isa = XCBuildConfiguration;
			baseConfigurationReference = FF1AB781A489EFCAEE3E56E0 /* Pods-WorldNews.release.xcconfig */;
			buildSettings = {
				ASSETCATALOG_COMPILER_APPICON_NAME = AppIcon;
				CODE_SIGN_STYLE = Automatic;
				HEADER_SEARCH_PATHS = "$(SRCROOT)/Pods/**";
				INFOPLIST_FILE = WorldNews/Info.plist;
				LD_RUNPATH_SEARCH_PATHS = "$(inherited) @executable_path/Frameworks";
				PRODUCT_BUNDLE_IDENTIFIER = com.ynov.boudat.WorldNews;
				PRODUCT_NAME = "$(TARGET_NAME)";
				SWIFT_VERSION = 4.0;
				TARGETED_DEVICE_FAMILY = "1,2";
			};
			name = Release;
		};
/* End XCBuildConfiguration section */

/* Begin XCConfigurationList section */
		8BE752DD20AD764800187468 /* Build configuration list for PBXProject "WorldNews" */ = {
			isa = XCConfigurationList;
			buildConfigurations = (
				8BE752F520AD764900187468 /* Debug */,
				8BE752F620AD764900187468 /* Release */,
			);
			defaultConfigurationIsVisible = 0;
			defaultConfigurationName = Release;
		};
		8BE752F720AD764900187468 /* Build configuration list for PBXNativeTarget "WorldNews" */ = {
			isa = XCConfigurationList;
			buildConfigurations = (
				8BE752F820AD764900187468 /* Debug */,
				8BE752F920AD764900187468 /* Release */,
			);
			defaultConfigurationIsVisible = 0;
			defaultConfigurationName = Release;
		};
/* End XCConfigurationList section */

/* Begin XCVersionGroup section */
		8BE752EC20AD764900187468 /* WorldNews.xcdatamodeld */ = {
			isa = XCVersionGroup;
			children = (
				8BE752ED20AD764900187468 /* WorldNews.xcdatamodel */,
			);
			currentVersion = 8BE752ED20AD764900187468 /* WorldNews.xcdatamodel */;
			path = WorldNews.xcdatamodeld;
			sourceTree = "<group>";
			versionGroupType = wrapper.xcdatamodel;
		};
/* End XCVersionGroup section */
	};
	rootObject = 8BE752DA20AD764800187468 /* Project object */;
}
